
Microsoft Visual Studio Solution File, Format Version 12.00
# Visual Studio Version 17
VisualStudioVersion = 17.2.32630.192
MinimumVisualStudioVersion = 10.0.40219.1
Project("{FAE04EC0-301F-11D3-BF4B-00C04F79EFBC}") = "Webx.Web", "Webx.Web\Webx.Web.csproj", "{8524313D-4BB8-40EA-AF04-8E050F318DD8}"
EndProject
Project("{FAE04EC0-301F-11D3-BF4B-00C04F79EFBC}") = "WebX.Library", "WebX.Library\WebX.Library.csproj", "{443647B1-CF04-47A2-86DF-7CEB76D514C0}"
EndProject
Global
	GlobalSection(SolutionConfigurationPlatforms) = preSolution
		Debug|Any CPU = Debug|Any CPU
		Release|Any CPU = Release|Any CPU
	EndGlobalSection
	GlobalSection(ProjectConfigurationPlatforms) = postSolution
		{8524313D-4BB8-40EA-AF04-8E050F318DD8}.Debug|Any CPU.ActiveCfg = Debug|Any CPU
		{8524313D-4BB8-40EA-AF04-8E050F318DD8}.Debug|Any CPU.Build.0 = Debug|Any CPU
		{8524313D-4BB8-40EA-AF04-8E050F318DD8}.Release|Any CPU.ActiveCfg = Release|Any CPU
		{8524313D-4BB8-40EA-AF04-8E050F318DD8}.Release|Any CPU.Build.0 = Release|Any CPU
		{443647B1-CF04-47A2-86DF-7CEB76D514C0}.Debug|Any CPU.ActiveCfg = Debug|Any CPU
		{443647B1-CF04-47A2-86DF-7CEB76D514C0}.Debug|Any CPU.Build.0 = Debug|Any CPU
		{443647B1-CF04-47A2-86DF-7CEB76D514C0}.Release|Any CPU.ActiveCfg = Release|Any CPU
		{443647B1-CF04-47A2-86DF-7CEB76D514C0}.Release|Any CPU.Build.0 = Release|Any CPU
	EndGlobalSection
	GlobalSection(SolutionProperties) = preSolution
		HideSolutionNode = FALSE
	EndGlobalSection
	GlobalSection(ExtensibilityGlobals) = postSolution
		SolutionGuid = {B2FEEE38-FDE0-4CD0-93BB-933C2CDAFDFE}
	EndGlobalSection
EndGlobal
