
Microsoft Visual Studio Solution File, Format Version 12.00
# Visual Studio Version 17
VisualStudioVersion = 17.2.32630.192
MinimumVisualStudioVersion = 10.0.40219.1
Project("{9A19103F-16F7-4668-BE54-9A1E7A4F7556}") = "Webx.Web", "Webx.Web\Webx.Web.csproj", "{8524313D-4BB8-40EA-AF04-8E050F318DD8}"
EndProject
Project("{9A19103F-16F7-4668-BE54-9A1E7A4F7556}") = "WebX.Library", "WebX.Library\WebX.Library.csproj", "{443647B1-CF04-47A2-86DF-7CEB76D514C0}"
EndProject
Project("{FAE04EC0-301F-11D3-BF4B-00C04F79EFBC}") = "Webx.Prism", "Webx.Prism\Webx.Prism\Webx.Prism.csproj", "{20A5CB66-096E-413A-B533-CB282DC94D5E}"
EndProject
Project("{FAE04EC0-301F-11D3-BF4B-00C04F79EFBC}") = "Webx.Prism.Android", "Webx.Prism\Webx.Prism.Android\Webx.Prism.Android.csproj", "{CA5A5A07-D16D-4E74-9F53-D064F193543D}"
EndProject
Project("{FAE04EC0-301F-11D3-BF4B-00C04F79EFBC}") = "Webx.Prism.iOS", "Webx.Prism\Webx.Prism.iOS\Webx.Prism.iOS.csproj", "{9C36C7A3-80B1-4CE5-868B-A67D9AA26778}"
EndProject
Global
	GlobalSection(SolutionConfigurationPlatforms) = preSolution
		Ad-Hoc|Any CPU = Ad-Hoc|Any CPU
		Ad-Hoc|iPhone = Ad-Hoc|iPhone
		Ad-Hoc|iPhoneSimulator = Ad-Hoc|iPhoneSimulator
		AppStore|Any CPU = AppStore|Any CPU
		AppStore|iPhone = AppStore|iPhone
		AppStore|iPhoneSimulator = AppStore|iPhoneSimulator
		Debug|Any CPU = Debug|Any CPU
		Debug|iPhone = Debug|iPhone
		Debug|iPhoneSimulator = Debug|iPhoneSimulator
		Release|Any CPU = Release|Any CPU
		Release|iPhone = Release|iPhone
		Release|iPhoneSimulator = Release|iPhoneSimulator
	EndGlobalSection
	GlobalSection(ProjectConfigurationPlatforms) = postSolution
		{8524313D-4BB8-40EA-AF04-8E050F318DD8}.Ad-Hoc|Any CPU.ActiveCfg = Release|Any CPU
		{8524313D-4BB8-40EA-AF04-8E050F318DD8}.Ad-Hoc|Any CPU.Build.0 = Release|Any CPU
		{8524313D-4BB8-40EA-AF04-8E050F318DD8}.Ad-Hoc|iPhone.ActiveCfg = Release|Any CPU
		{8524313D-4BB8-40EA-AF04-8E050F318DD8}.Ad-Hoc|iPhone.Build.0 = Release|Any CPU
		{8524313D-4BB8-40EA-AF04-8E050F318DD8}.Ad-Hoc|iPhoneSimulator.ActiveCfg = Release|Any CPU
		{8524313D-4BB8-40EA-AF04-8E050F318DD8}.Ad-Hoc|iPhoneSimulator.Build.0 = Release|Any CPU
		{8524313D-4BB8-40EA-AF04-8E050F318DD8}.AppStore|Any CPU.ActiveCfg = Release|Any CPU
		{8524313D-4BB8-40EA-AF04-8E050F318DD8}.AppStore|Any CPU.Build.0 = Release|Any CPU
		{8524313D-4BB8-40EA-AF04-8E050F318DD8}.AppStore|iPhone.ActiveCfg = Release|Any CPU
		{8524313D-4BB8-40EA-AF04-8E050F318DD8}.AppStore|iPhone.Build.0 = Release|Any CPU
		{8524313D-4BB8-40EA-AF04-8E050F318DD8}.AppStore|iPhoneSimulator.ActiveCfg = Release|Any CPU
		{8524313D-4BB8-40EA-AF04-8E050F318DD8}.AppStore|iPhoneSimulator.Build.0 = Release|Any CPU
		{8524313D-4BB8-40EA-AF04-8E050F318DD8}.Debug|Any CPU.ActiveCfg = Debug|Any CPU
		{8524313D-4BB8-40EA-AF04-8E050F318DD8}.Debug|Any CPU.Build.0 = Debug|Any CPU
		{8524313D-4BB8-40EA-AF04-8E050F318DD8}.Debug|iPhone.ActiveCfg = Debug|Any CPU
		{8524313D-4BB8-40EA-AF04-8E050F318DD8}.Debug|iPhone.Build.0 = Debug|Any CPU
		{8524313D-4BB8-40EA-AF04-8E050F318DD8}.Debug|iPhoneSimulator.ActiveCfg = Debug|Any CPU
		{8524313D-4BB8-40EA-AF04-8E050F318DD8}.Debug|iPhoneSimulator.Build.0 = Debug|Any CPU
		{8524313D-4BB8-40EA-AF04-8E050F318DD8}.Release|Any CPU.ActiveCfg = Release|Any CPU
		{8524313D-4BB8-40EA-AF04-8E050F318DD8}.Release|Any CPU.Build.0 = Release|Any CPU
		{8524313D-4BB8-40EA-AF04-8E050F318DD8}.Release|iPhone.ActiveCfg = Release|Any CPU
		{8524313D-4BB8-40EA-AF04-8E050F318DD8}.Release|iPhone.Build.0 = Release|Any CPU
		{8524313D-4BB8-40EA-AF04-8E050F318DD8}.Release|iPhoneSimulator.ActiveCfg = Release|Any CPU
		{8524313D-4BB8-40EA-AF04-8E050F318DD8}.Release|iPhoneSimulator.Build.0 = Release|Any CPU
		{443647B1-CF04-47A2-86DF-7CEB76D514C0}.Ad-Hoc|Any CPU.ActiveCfg = Release|Any CPU
		{443647B1-CF04-47A2-86DF-7CEB76D514C0}.Ad-Hoc|Any CPU.Build.0 = Release|Any CPU
		{443647B1-CF04-47A2-86DF-7CEB76D514C0}.Ad-Hoc|iPhone.ActiveCfg = Release|Any CPU
		{443647B1-CF04-47A2-86DF-7CEB76D514C0}.Ad-Hoc|iPhone.Build.0 = Release|Any CPU
		{443647B1-CF04-47A2-86DF-7CEB76D514C0}.Ad-Hoc|iPhoneSimulator.ActiveCfg = Release|Any CPU
		{443647B1-CF04-47A2-86DF-7CEB76D514C0}.Ad-Hoc|iPhoneSimulator.Build.0 = Release|Any CPU
		{443647B1-CF04-47A2-86DF-7CEB76D514C0}.AppStore|Any CPU.ActiveCfg = Release|Any CPU
		{443647B1-CF04-47A2-86DF-7CEB76D514C0}.AppStore|Any CPU.Build.0 = Release|Any CPU
		{443647B1-CF04-47A2-86DF-7CEB76D514C0}.AppStore|iPhone.ActiveCfg = Release|Any CPU
		{443647B1-CF04-47A2-86DF-7CEB76D514C0}.AppStore|iPhone.Build.0 = Release|Any CPU
		{443647B1-CF04-47A2-86DF-7CEB76D514C0}.AppStore|iPhoneSimulator.ActiveCfg = Release|Any CPU
		{443647B1-CF04-47A2-86DF-7CEB76D514C0}.AppStore|iPhoneSimulator.Build.0 = Release|Any CPU
		{443647B1-CF04-47A2-86DF-7CEB76D514C0}.Debug|Any CPU.ActiveCfg = Debug|Any CPU
		{443647B1-CF04-47A2-86DF-7CEB76D514C0}.Debug|Any CPU.Build.0 = Debug|Any CPU
		{443647B1-CF04-47A2-86DF-7CEB76D514C0}.Debug|iPhone.ActiveCfg = Debug|Any CPU
		{443647B1-CF04-47A2-86DF-7CEB76D514C0}.Debug|iPhone.Build.0 = Debug|Any CPU
		{443647B1-CF04-47A2-86DF-7CEB76D514C0}.Debug|iPhoneSimulator.ActiveCfg = Debug|Any CPU
		{443647B1-CF04-47A2-86DF-7CEB76D514C0}.Debug|iPhoneSimulator.Build.0 = Debug|Any CPU
		{443647B1-CF04-47A2-86DF-7CEB76D514C0}.Release|Any CPU.ActiveCfg = Release|Any CPU
		{443647B1-CF04-47A2-86DF-7CEB76D514C0}.Release|Any CPU.Build.0 = Release|Any CPU
		{443647B1-CF04-47A2-86DF-7CEB76D514C0}.Release|iPhone.ActiveCfg = Release|Any CPU
		{443647B1-CF04-47A2-86DF-7CEB76D514C0}.Release|iPhone.Build.0 = Release|Any CPU
		{443647B1-CF04-47A2-86DF-7CEB76D514C0}.Release|iPhoneSimulator.ActiveCfg = Release|Any CPU
		{443647B1-CF04-47A2-86DF-7CEB76D514C0}.Release|iPhoneSimulator.Build.0 = Release|Any CPU
		{20A5CB66-096E-413A-B533-CB282DC94D5E}.Ad-Hoc|Any CPU.ActiveCfg = Debug|Any CPU
		{20A5CB66-096E-413A-B533-CB282DC94D5E}.Ad-Hoc|Any CPU.Build.0 = Debug|Any CPU
		{20A5CB66-096E-413A-B533-CB282DC94D5E}.Ad-Hoc|iPhone.ActiveCfg = Debug|Any CPU
		{20A5CB66-096E-413A-B533-CB282DC94D5E}.Ad-Hoc|iPhone.Build.0 = Debug|Any CPU
		{20A5CB66-096E-413A-B533-CB282DC94D5E}.Ad-Hoc|iPhoneSimulator.ActiveCfg = Debug|Any CPU
		{20A5CB66-096E-413A-B533-CB282DC94D5E}.Ad-Hoc|iPhoneSimulator.Build.0 = Debug|Any CPU
		{20A5CB66-096E-413A-B533-CB282DC94D5E}.AppStore|Any CPU.ActiveCfg = Debug|Any CPU
		{20A5CB66-096E-413A-B533-CB282DC94D5E}.AppStore|Any CPU.Build.0 = Debug|Any CPU
		{20A5CB66-096E-413A-B533-CB282DC94D5E}.AppStore|iPhone.ActiveCfg = Debug|Any CPU
		{20A5CB66-096E-413A-B533-CB282DC94D5E}.AppStore|iPhone.Build.0 = Debug|Any CPU
		{20A5CB66-096E-413A-B533-CB282DC94D5E}.AppStore|iPhoneSimulator.ActiveCfg = Debug|Any CPU
		{20A5CB66-096E-413A-B533-CB282DC94D5E}.AppStore|iPhoneSimulator.Build.0 = Debug|Any CPU
		{20A5CB66-096E-413A-B533-CB282DC94D5E}.Debug|Any CPU.ActiveCfg = Debug|Any CPU
		{20A5CB66-096E-413A-B533-CB282DC94D5E}.Debug|Any CPU.Build.0 = Debug|Any CPU
		{20A5CB66-096E-413A-B533-CB282DC94D5E}.Debug|iPhone.ActiveCfg = Debug|Any CPU
		{20A5CB66-096E-413A-B533-CB282DC94D5E}.Debug|iPhone.Build.0 = Debug|Any CPU
		{20A5CB66-096E-413A-B533-CB282DC94D5E}.Debug|iPhoneSimulator.ActiveCfg = Debug|Any CPU
		{20A5CB66-096E-413A-B533-CB282DC94D5E}.Debug|iPhoneSimulator.Build.0 = Debug|Any CPU
		{20A5CB66-096E-413A-B533-CB282DC94D5E}.Release|Any CPU.ActiveCfg = Release|Any CPU
		{20A5CB66-096E-413A-B533-CB282DC94D5E}.Release|Any CPU.Build.0 = Release|Any CPU
		{20A5CB66-096E-413A-B533-CB282DC94D5E}.Release|iPhone.ActiveCfg = Release|Any CPU
		{20A5CB66-096E-413A-B533-CB282DC94D5E}.Release|iPhone.Build.0 = Release|Any CPU
		{20A5CB66-096E-413A-B533-CB282DC94D5E}.Release|iPhoneSimulator.ActiveCfg = Release|Any CPU
		{20A5CB66-096E-413A-B533-CB282DC94D5E}.Release|iPhoneSimulator.Build.0 = Release|Any CPU
		{CA5A5A07-D16D-4E74-9F53-D064F193543D}.Ad-Hoc|Any CPU.ActiveCfg = Debug|Any CPU
		{CA5A5A07-D16D-4E74-9F53-D064F193543D}.Ad-Hoc|Any CPU.Build.0 = Debug|Any CPU
		{CA5A5A07-D16D-4E74-9F53-D064F193543D}.Ad-Hoc|Any CPU.Deploy.0 = Debug|Any CPU
		{CA5A5A07-D16D-4E74-9F53-D064F193543D}.Ad-Hoc|iPhone.ActiveCfg = Debug|Any CPU
		{CA5A5A07-D16D-4E74-9F53-D064F193543D}.Ad-Hoc|iPhone.Build.0 = Debug|Any CPU
		{CA5A5A07-D16D-4E74-9F53-D064F193543D}.Ad-Hoc|iPhone.Deploy.0 = Debug|Any CPU
		{CA5A5A07-D16D-4E74-9F53-D064F193543D}.Ad-Hoc|iPhoneSimulator.ActiveCfg = Debug|Any CPU
		{CA5A5A07-D16D-4E74-9F53-D064F193543D}.Ad-Hoc|iPhoneSimulator.Build.0 = Debug|Any CPU
		{CA5A5A07-D16D-4E74-9F53-D064F193543D}.Ad-Hoc|iPhoneSimulator.Deploy.0 = Debug|Any CPU
		{CA5A5A07-D16D-4E74-9F53-D064F193543D}.AppStore|Any CPU.ActiveCfg = Debug|Any CPU
		{CA5A5A07-D16D-4E74-9F53-D064F193543D}.AppStore|Any CPU.Build.0 = Debug|Any CPU
		{CA5A5A07-D16D-4E74-9F53-D064F193543D}.AppStore|Any CPU.Deploy.0 = Debug|Any CPU
		{CA5A5A07-D16D-4E74-9F53-D064F193543D}.AppStore|iPhone.ActiveCfg = Debug|Any CPU
		{CA5A5A07-D16D-4E74-9F53-D064F193543D}.AppStore|iPhone.Build.0 = Debug|Any CPU
		{CA5A5A07-D16D-4E74-9F53-D064F193543D}.AppStore|iPhone.Deploy.0 = Debug|Any CPU
		{CA5A5A07-D16D-4E74-9F53-D064F193543D}.AppStore|iPhoneSimulator.ActiveCfg = Debug|Any CPU
		{CA5A5A07-D16D-4E74-9F53-D064F193543D}.AppStore|iPhoneSimulator.Build.0 = Debug|Any CPU
		{CA5A5A07-D16D-4E74-9F53-D064F193543D}.AppStore|iPhoneSimulator.Deploy.0 = Debug|Any CPU
		{CA5A5A07-D16D-4E74-9F53-D064F193543D}.Debug|Any CPU.ActiveCfg = Debug|Any CPU
		{CA5A5A07-D16D-4E74-9F53-D064F193543D}.Debug|Any CPU.Build.0 = Debug|Any CPU
		{CA5A5A07-D16D-4E74-9F53-D064F193543D}.Debug|Any CPU.Deploy.0 = Debug|Any CPU
		{CA5A5A07-D16D-4E74-9F53-D064F193543D}.Debug|iPhone.ActiveCfg = Debug|Any CPU
		{CA5A5A07-D16D-4E74-9F53-D064F193543D}.Debug|iPhone.Build.0 = Debug|Any CPU
		{CA5A5A07-D16D-4E74-9F53-D064F193543D}.Debug|iPhone.Deploy.0 = Debug|Any CPU
		{CA5A5A07-D16D-4E74-9F53-D064F193543D}.Debug|iPhoneSimulator.ActiveCfg = Debug|Any CPU
		{CA5A5A07-D16D-4E74-9F53-D064F193543D}.Debug|iPhoneSimulator.Build.0 = Debug|Any CPU
		{CA5A5A07-D16D-4E74-9F53-D064F193543D}.Debug|iPhoneSimulator.Deploy.0 = Debug|Any CPU
		{CA5A5A07-D16D-4E74-9F53-D064F193543D}.Release|Any CPU.ActiveCfg = Release|Any CPU
		{CA5A5A07-D16D-4E74-9F53-D064F193543D}.Release|Any CPU.Build.0 = Release|Any CPU
		{CA5A5A07-D16D-4E74-9F53-D064F193543D}.Release|Any CPU.Deploy.0 = Release|Any CPU
		{CA5A5A07-D16D-4E74-9F53-D064F193543D}.Release|iPhone.ActiveCfg = Release|Any CPU
		{CA5A5A07-D16D-4E74-9F53-D064F193543D}.Release|iPhone.Build.0 = Release|Any CPU
		{CA5A5A07-D16D-4E74-9F53-D064F193543D}.Release|iPhone.Deploy.0 = Release|Any CPU
		{CA5A5A07-D16D-4E74-9F53-D064F193543D}.Release|iPhoneSimulator.ActiveCfg = Release|Any CPU
		{CA5A5A07-D16D-4E74-9F53-D064F193543D}.Release|iPhoneSimulator.Build.0 = Release|Any CPU
		{CA5A5A07-D16D-4E74-9F53-D064F193543D}.Release|iPhoneSimulator.Deploy.0 = Release|Any CPU
		{9C36C7A3-80B1-4CE5-868B-A67D9AA26778}.Ad-Hoc|Any CPU.ActiveCfg = Ad-Hoc|iPhoneSimulator
		{9C36C7A3-80B1-4CE5-868B-A67D9AA26778}.Ad-Hoc|Any CPU.Build.0 = Ad-Hoc|iPhoneSimulator
		{9C36C7A3-80B1-4CE5-868B-A67D9AA26778}.Ad-Hoc|iPhone.ActiveCfg = Ad-Hoc|iPhone
		{9C36C7A3-80B1-4CE5-868B-A67D9AA26778}.Ad-Hoc|iPhone.Build.0 = Ad-Hoc|iPhone
		{9C36C7A3-80B1-4CE5-868B-A67D9AA26778}.Ad-Hoc|iPhoneSimulator.ActiveCfg = Ad-Hoc|iPhoneSimulator
		{9C36C7A3-80B1-4CE5-868B-A67D9AA26778}.Ad-Hoc|iPhoneSimulator.Build.0 = Ad-Hoc|iPhoneSimulator
		{9C36C7A3-80B1-4CE5-868B-A67D9AA26778}.AppStore|Any CPU.ActiveCfg = AppStore|iPhoneSimulator
		{9C36C7A3-80B1-4CE5-868B-A67D9AA26778}.AppStore|Any CPU.Build.0 = AppStore|iPhoneSimulator
		{9C36C7A3-80B1-4CE5-868B-A67D9AA26778}.AppStore|iPhone.ActiveCfg = AppStore|iPhone
		{9C36C7A3-80B1-4CE5-868B-A67D9AA26778}.AppStore|iPhone.Build.0 = AppStore|iPhone
		{9C36C7A3-80B1-4CE5-868B-A67D9AA26778}.AppStore|iPhoneSimulator.ActiveCfg = AppStore|iPhoneSimulator
		{9C36C7A3-80B1-4CE5-868B-A67D9AA26778}.AppStore|iPhoneSimulator.Build.0 = AppStore|iPhoneSimulator
		{9C36C7A3-80B1-4CE5-868B-A67D9AA26778}.Debug|Any CPU.ActiveCfg = Debug|iPhoneSimulator
		{9C36C7A3-80B1-4CE5-868B-A67D9AA26778}.Debug|Any CPU.Build.0 = Debug|iPhoneSimulator
		{9C36C7A3-80B1-4CE5-868B-A67D9AA26778}.Debug|iPhone.ActiveCfg = Debug|iPhone
		{9C36C7A3-80B1-4CE5-868B-A67D9AA26778}.Debug|iPhone.Build.0 = Debug|iPhone
		{9C36C7A3-80B1-4CE5-868B-A67D9AA26778}.Debug|iPhoneSimulator.ActiveCfg = Debug|iPhoneSimulator
		{9C36C7A3-80B1-4CE5-868B-A67D9AA26778}.Debug|iPhoneSimulator.Build.0 = Debug|iPhoneSimulator
		{9C36C7A3-80B1-4CE5-868B-A67D9AA26778}.Release|Any CPU.ActiveCfg = Release|iPhoneSimulator
		{9C36C7A3-80B1-4CE5-868B-A67D9AA26778}.Release|Any CPU.Build.0 = Release|iPhoneSimulator
		{9C36C7A3-80B1-4CE5-868B-A67D9AA26778}.Release|iPhone.ActiveCfg = Release|iPhone
		{9C36C7A3-80B1-4CE5-868B-A67D9AA26778}.Release|iPhone.Build.0 = Release|iPhone
		{9C36C7A3-80B1-4CE5-868B-A67D9AA26778}.Release|iPhoneSimulator.ActiveCfg = Release|iPhoneSimulator
		{9C36C7A3-80B1-4CE5-868B-A67D9AA26778}.Release|iPhoneSimulator.Build.0 = Release|iPhoneSimulator
	EndGlobalSection
	GlobalSection(SolutionProperties) = preSolution
		HideSolutionNode = FALSE
	EndGlobalSection
	GlobalSection(ExtensibilityGlobals) = postSolution
		SolutionGuid = {B2FEEE38-FDE0-4CD0-93BB-933C2CDAFDFE}
	EndGlobalSection
EndGlobal
